
Microsoft Visual Studio Solution File, Format Version 12.00
# Visual Studio 15
VisualStudioVersion = 15.0.27428.2043
MinimumVisualStudioVersion = 10.0.40219.1
Project("{FAE04EC0-301F-11D3-BF4B-00C04F79EFBC}") = "DS.Web.UI", "DigitalSchool\DS.Web.UI.csproj", "{A29D1403-FD98-4CE0-A977-03AA6BBAD845}"
EndProject
Project("{FAE04EC0-301F-11D3-BF4B-00C04F79EFBC}") = "DS.DAL", "DigitalSchool.DAL\DS.DAL.csproj", "{B745318C-EA66-4822-BCC1-C50E969B5CDE}"
EndProject
Project("{FAE04EC0-301F-11D3-BF4B-00C04F79EFBC}") = "DS.BLL", "DigitalSchool.BLL\DS.BLL.csproj", "{555D571B-064B-4554-8A49-E853624DB74C}"
EndProject
Project("{FAE04EC0-301F-11D3-BF4B-00C04F79EFBC}") = "DS.PropertyEntities", "DigitalSchool.PropertyEntities\DS.PropertyEntities.csproj", "{54BF2941-B8E2-40A2-930B-5684F2EF1FBD}"
EndProject
Project("{FAE04EC0-301F-11D3-BF4B-00C04F79EFBC}") = "DS.SysErrMsgHandler", "DigitalSchool.SysErrMsgHandler\DS.SysErrMsgHandler.csproj", "{4D67612A-C02A-458D-9A71-C72F47153EC4}"
EndProject
Global
	GlobalSection(SolutionConfigurationPlatforms) = preSolution
		Debug|Any CPU = Debug|Any CPU
		Release|Any CPU = Release|Any CPU
	EndGlobalSection
	GlobalSection(ProjectConfigurationPlatforms) = postSolution
		{A29D1403-FD98-4CE0-A977-03AA6BBAD845}.Debug|Any CPU.ActiveCfg = Debug|Any CPU
		{A29D1403-FD98-4CE0-A977-03AA6BBAD845}.Debug|Any CPU.Build.0 = Debug|Any CPU
		{A29D1403-FD98-4CE0-A977-03AA6BBAD845}.Release|Any CPU.ActiveCfg = Release|Any CPU
		{A29D1403-FD98-4CE0-A977-03AA6BBAD845}.Release|Any CPU.Build.0 = Release|Any CPU
		{B745318C-EA66-4822-BCC1-C50E969B5CDE}.Debug|Any CPU.ActiveCfg = Debug|Any CPU
		{B745318C-EA66-4822-BCC1-C50E969B5CDE}.Debug|Any CPU.Build.0 = Debug|Any CPU
		{B745318C-EA66-4822-BCC1-C50E969B5CDE}.Release|Any CPU.ActiveCfg = Release|Any CPU
		{B745318C-EA66-4822-BCC1-C50E969B5CDE}.Release|Any CPU.Build.0 = Release|Any CPU
		{555D571B-064B-4554-8A49-E853624DB74C}.Debug|Any CPU.ActiveCfg = Debug|Any CPU
		{555D571B-064B-4554-8A49-E853624DB74C}.Debug|Any CPU.Build.0 = Debug|Any CPU
		{555D571B-064B-4554-8A49-E853624DB74C}.Release|Any CPU.ActiveCfg = Release|Any CPU
		{555D571B-064B-4554-8A49-E853624DB74C}.Release|Any CPU.Build.0 = Release|Any CPU
		{54BF2941-B8E2-40A2-930B-5684F2EF1FBD}.Debug|Any CPU.ActiveCfg = Debug|Any CPU
		{54BF2941-B8E2-40A2-930B-5684F2EF1FBD}.Debug|Any CPU.Build.0 = Debug|Any CPU
		{54BF2941-B8E2-40A2-930B-5684F2EF1FBD}.Release|Any CPU.ActiveCfg = Release|Any CPU
		{54BF2941-B8E2-40A2-930B-5684F2EF1FBD}.Release|Any CPU.Build.0 = Release|Any CPU
		{4D67612A-C02A-458D-9A71-C72F47153EC4}.Debug|Any CPU.ActiveCfg = Debug|Any CPU
		{4D67612A-C02A-458D-9A71-C72F47153EC4}.Debug|Any CPU.Build.0 = Debug|Any CPU
		{4D67612A-C02A-458D-9A71-C72F47153EC4}.Release|Any CPU.ActiveCfg = Release|Any CPU
		{4D67612A-C02A-458D-9A71-C72F47153EC4}.Release|Any CPU.Build.0 = Release|Any CPU
	EndGlobalSection
	GlobalSection(SolutionProperties) = preSolution
		HideSolutionNode = FALSE
	EndGlobalSection
	GlobalSection(ExtensibilityGlobals) = postSolution
		SolutionGuid = {2197BF93-84A6-4ABE-A348-8874390EED07}
	EndGlobalSection
EndGlobal
